
Microsoft Visual Studio Solution File, Format Version 12.00
# Visual Studio 2012
Project("{FAE04EC0-301F-11D3-BF4B-00C04F79EFBC}") = "Sisyphus.Host.Console", "src\Sisyphus.Host.Console\Sisyphus.Host.Console.csproj", "{3A800C0B-3522-43AD-BE75-D12BF5E43127}"
EndProject
Global
	GlobalSection(SolutionConfigurationPlatforms) = preSolution
		Debug|Any CPU = Debug|Any CPU
		Release|Any CPU = Release|Any CPU
	EndGlobalSection
	GlobalSection(ProjectConfigurationPlatforms) = postSolution
		{3A800C0B-3522-43AD-BE75-D12BF5E43127}.Debug|Any CPU.ActiveCfg = Debug|Any CPU
		{3A800C0B-3522-43AD-BE75-D12BF5E43127}.Debug|Any CPU.Build.0 = Debug|Any CPU
		{3A800C0B-3522-43AD-BE75-D12BF5E43127}.Release|Any CPU.ActiveCfg = Release|Any CPU
		{3A800C0B-3522-43AD-BE75-D12BF5E43127}.Release|Any CPU.Build.0 = Release|Any CPU
	EndGlobalSection
EndGlobal
